
Microsoft Visual Studio Solution File, Format Version 12.00
# Visual Studio Version 16
VisualStudioVersion = 16.0.31515.178
MinimumVisualStudioVersion = 10.0.40219.1
Project("{FAE04EC0-301F-11D3-BF4B-00C04F79EFBC}") = "GroupProject", "GroupProject\GroupProject.csproj", "{C729F277-F195-492A-9B6D-CD65EA826DB2}"
EndProject
Project("{00D1A9C2-B5F0-4AF3-8072-F6C62B433612}") = "PrimaryData", "PrimaryData\PrimaryData.sqlproj", "{A2232773-339E-4725-8665-9BD4EE6A97F2}"
EndProject
Global
	GlobalSection(SolutionConfigurationPlatforms) = preSolution
		Debug|Any CPU = Debug|Any CPU
		Release|Any CPU = Release|Any CPU
	EndGlobalSection
	GlobalSection(ProjectConfigurationPlatforms) = postSolution
		{C729F277-F195-492A-9B6D-CD65EA826DB2}.Debug|Any CPU.ActiveCfg = Debug|Any CPU
		{C729F277-F195-492A-9B6D-CD65EA826DB2}.Debug|Any CPU.Build.0 = Debug|Any CPU
		{C729F277-F195-492A-9B6D-CD65EA826DB2}.Release|Any CPU.ActiveCfg = Release|Any CPU
		{C729F277-F195-492A-9B6D-CD65EA826DB2}.Release|Any CPU.Build.0 = Release|Any CPU
		{A2232773-339E-4725-8665-9BD4EE6A97F2}.Debug|Any CPU.ActiveCfg = Debug|Any CPU
		{A2232773-339E-4725-8665-9BD4EE6A97F2}.Debug|Any CPU.Build.0 = Debug|Any CPU
		{A2232773-339E-4725-8665-9BD4EE6A97F2}.Debug|Any CPU.Deploy.0 = Debug|Any CPU
		{A2232773-339E-4725-8665-9BD4EE6A97F2}.Release|Any CPU.ActiveCfg = Release|Any CPU
		{A2232773-339E-4725-8665-9BD4EE6A97F2}.Release|Any CPU.Build.0 = Release|Any CPU
		{A2232773-339E-4725-8665-9BD4EE6A97F2}.Release|Any CPU.Deploy.0 = Release|Any CPU
	EndGlobalSection
	GlobalSection(SolutionProperties) = preSolution
		HideSolutionNode = FALSE
	EndGlobalSection
	GlobalSection(ExtensibilityGlobals) = postSolution
		SolutionGuid = {B9B6F6E9-1721-4160-8E41-3EDCA3C5844B}
	EndGlobalSection
EndGlobal
